
Microsoft Visual Studio Solution File, Format Version 12.00
# Visual Studio 2013
VisualStudioVersion = 12.0.30723.0
MinimumVisualStudioVersion = 10.0.40219.1
Project("{2150E333-8FDC-42A3-9474-1A3956D46DE8}") = "Kernel", "Kernel", "{45A9671C-C720-436B-819D-29EEB0245EDA}"
EndProject
Project("{2150E333-8FDC-42A3-9474-1A3956D46DE8}") = "Common", "Common", "{DD2FC8DE-0879-4655-95F0-5EBD07D4EEC0}"
EndProject
Project("{2150E333-8FDC-42A3-9474-1A3956D46DE8}") = "Logic", "Logic", "{277F29B0-0E51-47AA-81E2-36C7CF585419}"
EndProject
Project("{2150E333-8FDC-42A3-9474-1A3956D46DE8}") = "Facade", "Facade", "{D1E2697B-FA78-48B3-8A4D-FD35A8A6944B}"
EndProject
Project("{2150E333-8FDC-42A3-9474-1A3956D46DE8}") = "Model", "Model", "{68AC289B-C907-4F4D-B244-BABAEA009799}"
EndProject
Project("{2150E333-8FDC-42A3-9474-1A3956D46DE8}") = "Client", "Client", "{4672BC2B-F9FD-4ED0-8187-59812B741824}"
EndProject
Project("{2150E333-8FDC-42A3-9474-1A3956D46DE8}") = "Tests", "Tests", "{3FBFE740-FA6D-4827-BDF7-3397D575912A}"
EndProject
Project("{FAE04EC0-301F-11D3-BF4B-00C04F79EFBC}") = "Library.Common", "Common\Library.Common\Library.Common.csproj", "{E393AF92-4133-4E0C-80E2-735BBC056A4E}"
EndProject
Project("{FAE04EC0-301F-11D3-BF4B-00C04F79EFBC}") = "Library.StringItemDict", "Common\Library.StringItemDict\Library.StringItemDict.csproj", "{46D6231D-595E-4654-BEF8-54FBE859ADA1}"
EndProject
Project("{FAE04EC0-301F-11D3-BF4B-00C04F79EFBC}") = "Library.Kernel.DataBaseHelper", "Kernel\Library.Kernel.DataBaseHelper\Library.Kernel.DataBaseHelper.csproj", "{DDCDBF5D-B3F7-4DD1-BE39-AEEF310BD727}"
EndProject
Project("{2150E333-8FDC-42A3-9474-1A3956D46DE8}") = "SOA", "SOA", "{23885F03-E3D9-4886-A401-B7D03B110C89}"
EndProject
Project("{2150E333-8FDC-42A3-9474-1A3956D46DE8}") = "Criteria", "Criteria", "{7C341E2B-465F-467B-9CE3-9B95CD83EE5A}"
EndProject
Project("{2150E333-8FDC-42A3-9474-1A3956D46DE8}") = "Models", "Models", "{EF86EE4F-DF4E-47AB-92D8-ED5244ACD03C}"
EndProject
Project("{FAE04EC0-301F-11D3-BF4B-00C04F79EFBC}") = "Library.Criterias", "Model\Criteria\Library.Criterias\Library.Criterias.csproj", "{162686ED-D97E-48EC-9396-BF6DA601E5D9}"
EndProject
Project("{FAE04EC0-301F-11D3-BF4B-00C04F79EFBC}") = "Library.Models", "Model\Models\Library.Models\Library.Models.csproj", "{9BE1E95E-1D8A-4B50-8974-F96CE7BC1A9E}"
EndProject
Project("{FAE04EC0-301F-11D3-BF4B-00C04F79EFBC}") = "Library.Logic.SoaTest", "Logic\Library.Logic.SoaTest\Library.Logic.SoaTest.csproj", "{3829DF5F-F3F0-42EF-980C-124366CEAF13}"
EndProject
Project("{FAE04EC0-301F-11D3-BF4B-00C04F79EFBC}") = "Library.Facade.SoaTest", "Facade\Library.Facade.SoaTest\Library.Facade.SoaTest.csproj", "{78787149-A1D8-47E2-9BE7-AE9A05B1704E}"
EndProject
Project("{FAE04EC0-301F-11D3-BF4B-00C04F79EFBC}") = "Library.UnitTest.SoaTest", "Tests\Library.UnitTest.SoaTest\Library.UnitTest.SoaTest.csproj", "{AF9FD53A-1D34-4731-AA01-5E0A7C5D5F7C}"
EndProject
Project("{FAE04EC0-301F-11D3-BF4B-00C04F79EFBC}") = "Library.WcfService", "SOA\Library.WcfService\Library.WcfService.csproj", "{15B3E0D2-6217-493A-A690-158C497F5318}"
EndProject
Project("{FAE04EC0-301F-11D3-BF4B-00C04F79EFBC}") = "Library.WcfServerConsole", "SOA\Library.WcfServerConsole\Library.WcfServerConsole.csproj", "{312F33DE-73AD-458C-8A9B-B5C844762F24}"
EndProject
Project("{FAE04EC0-301F-11D3-BF4B-00C04F79EFBC}") = "WinFormApp", "Client\WinForm\WinFormApp\WinFormApp.csproj", "{557D1935-401D-46CC-A9F8-362E40FDC537}"
EndProject
Project("{FAE04EC0-301F-11D3-BF4B-00C04F79EFBC}") = "Library.Client.Proxy", "Client\Proxy\Library.Client.Proxy\Library.Client.Proxy.csproj", "{AF8CD294-D13E-48C5-AB69-58A4741491D8}"
EndProject
Global
	GlobalSection(SolutionConfigurationPlatforms) = preSolution
		Debug|Any CPU = Debug|Any CPU
		Release|Any CPU = Release|Any CPU
	EndGlobalSection
	GlobalSection(ProjectConfigurationPlatforms) = postSolution
		{E393AF92-4133-4E0C-80E2-735BBC056A4E}.Debug|Any CPU.ActiveCfg = Debug|Any CPU
		{E393AF92-4133-4E0C-80E2-735BBC056A4E}.Debug|Any CPU.Build.0 = Debug|Any CPU
		{E393AF92-4133-4E0C-80E2-735BBC056A4E}.Release|Any CPU.ActiveCfg = Release|Any CPU
		{E393AF92-4133-4E0C-80E2-735BBC056A4E}.Release|Any CPU.Build.0 = Release|Any CPU
		{46D6231D-595E-4654-BEF8-54FBE859ADA1}.Debug|Any CPU.ActiveCfg = Debug|Any CPU
		{46D6231D-595E-4654-BEF8-54FBE859ADA1}.Debug|Any CPU.Build.0 = Debug|Any CPU
		{46D6231D-595E-4654-BEF8-54FBE859ADA1}.Release|Any CPU.ActiveCfg = Release|Any CPU
		{46D6231D-595E-4654-BEF8-54FBE859ADA1}.Release|Any CPU.Build.0 = Release|Any CPU
		{DDCDBF5D-B3F7-4DD1-BE39-AEEF310BD727}.Debug|Any CPU.ActiveCfg = Debug|Any CPU
		{DDCDBF5D-B3F7-4DD1-BE39-AEEF310BD727}.Debug|Any CPU.Build.0 = Debug|Any CPU
		{DDCDBF5D-B3F7-4DD1-BE39-AEEF310BD727}.Release|Any CPU.ActiveCfg = Release|Any CPU
		{DDCDBF5D-B3F7-4DD1-BE39-AEEF310BD727}.Release|Any CPU.Build.0 = Release|Any CPU
		{162686ED-D97E-48EC-9396-BF6DA601E5D9}.Debug|Any CPU.ActiveCfg = Debug|Any CPU
		{162686ED-D97E-48EC-9396-BF6DA601E5D9}.Debug|Any CPU.Build.0 = Debug|Any CPU
		{162686ED-D97E-48EC-9396-BF6DA601E5D9}.Release|Any CPU.ActiveCfg = Release|Any CPU
		{162686ED-D97E-48EC-9396-BF6DA601E5D9}.Release|Any CPU.Build.0 = Release|Any CPU
		{9BE1E95E-1D8A-4B50-8974-F96CE7BC1A9E}.Debug|Any CPU.ActiveCfg = Debug|Any CPU
		{9BE1E95E-1D8A-4B50-8974-F96CE7BC1A9E}.Debug|Any CPU.Build.0 = Debug|Any CPU
		{9BE1E95E-1D8A-4B50-8974-F96CE7BC1A9E}.Release|Any CPU.ActiveCfg = Release|Any CPU
		{9BE1E95E-1D8A-4B50-8974-F96CE7BC1A9E}.Release|Any CPU.Build.0 = Release|Any CPU
		{3829DF5F-F3F0-42EF-980C-124366CEAF13}.Debug|Any CPU.ActiveCfg = Debug|Any CPU
		{3829DF5F-F3F0-42EF-980C-124366CEAF13}.Debug|Any CPU.Build.0 = Debug|Any CPU
		{3829DF5F-F3F0-42EF-980C-124366CEAF13}.Release|Any CPU.ActiveCfg = Release|Any CPU
		{3829DF5F-F3F0-42EF-980C-124366CEAF13}.Release|Any CPU.Build.0 = Release|Any CPU
		{78787149-A1D8-47E2-9BE7-AE9A05B1704E}.Debug|Any CPU.ActiveCfg = Debug|Any CPU
		{78787149-A1D8-47E2-9BE7-AE9A05B1704E}.Debug|Any CPU.Build.0 = Debug|Any CPU
		{78787149-A1D8-47E2-9BE7-AE9A05B1704E}.Release|Any CPU.ActiveCfg = Release|Any CPU
		{78787149-A1D8-47E2-9BE7-AE9A05B1704E}.Release|Any CPU.Build.0 = Release|Any CPU
		{AF9FD53A-1D34-4731-AA01-5E0A7C5D5F7C}.Debug|Any CPU.ActiveCfg = Debug|Any CPU
		{AF9FD53A-1D34-4731-AA01-5E0A7C5D5F7C}.Debug|Any CPU.Build.0 = Debug|Any CPU
		{AF9FD53A-1D34-4731-AA01-5E0A7C5D5F7C}.Release|Any CPU.ActiveCfg = Release|Any CPU
		{AF9FD53A-1D34-4731-AA01-5E0A7C5D5F7C}.Release|Any CPU.Build.0 = Release|Any CPU
		{15B3E0D2-6217-493A-A690-158C497F5318}.Debug|Any CPU.ActiveCfg = Debug|Any CPU
		{15B3E0D2-6217-493A-A690-158C497F5318}.Debug|Any CPU.Build.0 = Debug|Any CPU
		{15B3E0D2-6217-493A-A690-158C497F5318}.Release|Any CPU.ActiveCfg = Release|Any CPU
		{15B3E0D2-6217-493A-A690-158C497F5318}.Release|Any CPU.Build.0 = Release|Any CPU
		{312F33DE-73AD-458C-8A9B-B5C844762F24}.Debug|Any CPU.ActiveCfg = Debug|Any CPU
		{312F33DE-73AD-458C-8A9B-B5C844762F24}.Debug|Any CPU.Build.0 = Debug|Any CPU
		{312F33DE-73AD-458C-8A9B-B5C844762F24}.Release|Any CPU.ActiveCfg = Release|Any CPU
		{312F33DE-73AD-458C-8A9B-B5C844762F24}.Release|Any CPU.Build.0 = Release|Any CPU
		{557D1935-401D-46CC-A9F8-362E40FDC537}.Debug|Any CPU.ActiveCfg = Debug|Any CPU
		{557D1935-401D-46CC-A9F8-362E40FDC537}.Debug|Any CPU.Build.0 = Debug|Any CPU
		{557D1935-401D-46CC-A9F8-362E40FDC537}.Release|Any CPU.ActiveCfg = Release|Any CPU
		{557D1935-401D-46CC-A9F8-362E40FDC537}.Release|Any CPU.Build.0 = Release|Any CPU
		{AF8CD294-D13E-48C5-AB69-58A4741491D8}.Debug|Any CPU.ActiveCfg = Debug|Any CPU
		{AF8CD294-D13E-48C5-AB69-58A4741491D8}.Debug|Any CPU.Build.0 = Debug|Any CPU
		{AF8CD294-D13E-48C5-AB69-58A4741491D8}.Release|Any CPU.ActiveCfg = Release|Any CPU
		{AF8CD294-D13E-48C5-AB69-58A4741491D8}.Release|Any CPU.Build.0 = Release|Any CPU
	EndGlobalSection
	GlobalSection(SolutionProperties) = preSolution
		HideSolutionNode = FALSE
	EndGlobalSection
	GlobalSection(NestedProjects) = preSolution
		{E393AF92-4133-4E0C-80E2-735BBC056A4E} = {DD2FC8DE-0879-4655-95F0-5EBD07D4EEC0}
		{46D6231D-595E-4654-BEF8-54FBE859ADA1} = {DD2FC8DE-0879-4655-95F0-5EBD07D4EEC0}
		{DDCDBF5D-B3F7-4DD1-BE39-AEEF310BD727} = {45A9671C-C720-436B-819D-29EEB0245EDA}
		{7C341E2B-465F-467B-9CE3-9B95CD83EE5A} = {68AC289B-C907-4F4D-B244-BABAEA009799}
		{EF86EE4F-DF4E-47AB-92D8-ED5244ACD03C} = {68AC289B-C907-4F4D-B244-BABAEA009799}
		{162686ED-D97E-48EC-9396-BF6DA601E5D9} = {7C341E2B-465F-467B-9CE3-9B95CD83EE5A}
		{9BE1E95E-1D8A-4B50-8974-F96CE7BC1A9E} = {EF86EE4F-DF4E-47AB-92D8-ED5244ACD03C}
		{3829DF5F-F3F0-42EF-980C-124366CEAF13} = {277F29B0-0E51-47AA-81E2-36C7CF585419}
		{78787149-A1D8-47E2-9BE7-AE9A05B1704E} = {D1E2697B-FA78-48B3-8A4D-FD35A8A6944B}
		{AF9FD53A-1D34-4731-AA01-5E0A7C5D5F7C} = {3FBFE740-FA6D-4827-BDF7-3397D575912A}
		{15B3E0D2-6217-493A-A690-158C497F5318} = {23885F03-E3D9-4886-A401-B7D03B110C89}
		{312F33DE-73AD-458C-8A9B-B5C844762F24} = {23885F03-E3D9-4886-A401-B7D03B110C89}
		{557D1935-401D-46CC-A9F8-362E40FDC537} = {4672BC2B-F9FD-4ED0-8187-59812B741824}
		{AF8CD294-D13E-48C5-AB69-58A4741491D8} = {4672BC2B-F9FD-4ED0-8187-59812B741824}
	EndGlobalSection
EndGlobal
